# This file is automatically @generated by Cargo.
# It is not intended for manual editing.
version = 4

[[package]]
name = "abi"
version = "0.1.0"

[[package]]
name = "hostile_ambient"
version = "0.1.0"
dependencies = [
 "abi",
]

[[package]]
name = "hostile_ungranted"
version = "0.1.0"
dependencies = [
 "abi",
]

[[package]]
name = "node_generate_response"
version = "0.1.0"
dependencies = [
 "abi",
]

[[package]]
name = "node_parse_message"
version = "0.1.0"
dependencies = [
 "abi",
]
